
Microsoft Visual Studio Solution File, Format Version 12.00
# Visual Studio 15
VisualStudioVersion = 15.0.27004.2008
MinimumVisualStudioVersion = 10.0.40219.1
Project("{FAE04EC0-301F-11D3-BF4B-00C04F79EFBC}") = "RestaurantPOS", "RestaurantPOS\RestaurantPOS.csproj", "{EE08A675-1ABF-442E-9472-C22F6F775D9E}"
EndProject
Global
	GlobalSection(SolutionConfigurationPlatforms) = preSolution
		Debug|Any CPU = Debug|Any CPU
		Release|Any CPU = Release|Any CPU
	EndGlobalSection
	GlobalSection(ProjectConfigurationPlatforms) = postSolution
		{EE08A675-1ABF-442E-9472-C22F6F775D9E}.Debug|Any CPU.ActiveCfg = Debug|Any CPU
		{EE08A675-1ABF-442E-9472-C22F6F775D9E}.Debug|Any CPU.Build.0 = Debug|Any CPU
		{EE08A675-1ABF-442E-9472-C22F6F775D9E}.Release|Any CPU.ActiveCfg = Release|Any CPU
		{EE08A675-1ABF-442E-9472-C22F6F775D9E}.Release|Any CPU.Build.0 = Release|Any CPU
	EndGlobalSection
	GlobalSection(SolutionProperties) = preSolution
		HideSolutionNode = FALSE
	EndGlobalSection
	GlobalSection(ExtensibilityGlobals) = postSolution
		SolutionGuid = {DCA2AFBD-DE12-4D39-8A3A-154E4AE0F2D1}
	EndGlobalSection
EndGlobal
